// !$*UTF8*$!
{
	archiveVersion = 1;
	classes = {
	};
	objectVersion = 50;
	objects = {

/* Begin PBXBuildFile section */
		3427B8612161A09A0065E713 /* AppDelegate.swift in Sources */ = {isa = PBXBuildFile; fileRef = 3427B8602161A09A0065E713 /* AppDelegate.swift */; };
		3427B8632161A09A0065E713 /* ViewController.swift in Sources */ = {isa = PBXBuildFile; fileRef = 3427B8622161A09A0065E713 /* ViewController.swift */; };
		3427B8662161A09A0065E713 /* Main.storyboard in Resources */ = {isa = PBXBuildFile; fileRef = 3427B8642161A09A0065E713 /* Main.storyboard */; };
		3427B8682161A09C0065E713 /* Assets.xcassets in Resources */ = {isa = PBXBuildFile; fileRef = 3427B8672161A09C0065E713 /* Assets.xcassets */; };
		3427B86B2161A09C0065E713 /* LaunchScreen.storyboard in Resources */ = {isa = PBXBuildFile; fileRef = 3427B8692161A09C0065E713 /* LaunchScreen.storyboard */; };
		3427B8762161A09C0065E713 /* Instagram_CloneTests.swift in Sources */ = {isa = PBXBuildFile; fileRef = 3427B8752161A09C0065E713 /* Instagram_CloneTests.swift */; };
		3427B8812161A09D0065E713 /* Instagram_CloneUITests.swift in Sources */ = {isa = PBXBuildFile; fileRef = 3427B8802161A09D0065E713 /* Instagram_CloneUITests.swift */; };
/* End PBXBuildFile section */

/* Begin PBXContainerItemProxy section */
		3427B8722161A09C0065E713 /* PBXContainerItemProxy */ = {
			isa = PBXContainerItemProxy;
			containerPortal = 3427B8552161A0990065E713 /* Project object */;
			proxyType = 1;
			remoteGlobalIDString = 3427B85C2161A0990065E713;
			remoteInfo = "Instagram Clone";
		};
		3427B87D2161A09D0065E713 /* PBXContainerItemProxy */ = {
			isa = PBXContainerItemProxy;
			containerPortal = 3427B8552161A0990065E713 /* Project object */;
			proxyType = 1;
			remoteGlobalIDString = 3427B85C2161A0990065E713;
			remoteInfo = "Instagram Clone";
		};
/* End PBXContainerItemProxy section */

/* Begin PBXFileReference section */
		3427B85D2161A0990065E713 /* Instagram Clone.app */ = {isa = PBXFileReference; explicitFileType = wrapper.application; includeInIndex = 0; path = "Instagram Clone.app"; sourceTree = BUILT_PRODUCTS_DIR; };
		3427B8602161A09A0065E713 /* AppDelegate.swift */ = {isa = PBXFileReference; lastKnownFileType = sourcecode.swift; path = AppDelegate.swift; sourceTree = "<group>"; };
		3427B8622161A09A0065E713 /* ViewController.swift */ = {isa = PBXFileReference; lastKnownFileType = sourcecode.swift; path = ViewController.swift; sourceTree = "<group>"; };
		3427B8652161A09A0065E713 /* Base */ = {isa = PBXFileReference; lastKnownFileType = file.storyboard; name = Base; path = Base.lproj/Main.storyboard; sourceTree = "<group>"; };
		3427B8672161A09C0065E713 /* Assets.xcassets */ = {isa = PBXFileReference; lastKnownFileType = folder.assetcatalog; path = Assets.xcassets; sourceTree = "<group>"; };
		3427B86A2161A09C0065E713 /* Base */ = {isa = PBXFileReference; lastKnownFileType = file.storyboard; name = Base; path = Base.lproj/LaunchScreen.storyboard; sourceTree = "<group>"; };
		3427B86C2161A09C0065E713 /* Info.plist */ = {isa = PBXFileReference; lastKnownFileType = text.plist.xml; path = Info.plist; sourceTree = "<group>"; };
		3427B8712161A09C0065E713 /* Instagram CloneTests.xctest */ = {isa = PBXFileReference; explicitFileType = wrapper.cfbundle; includeInIndex = 0; path = "Instagram CloneTests.xctest"; sourceTree = BUILT_PRODUCTS_DIR; };
		3427B8752161A09C0065E713 /* Instagram_CloneTests.swift */ = {isa = PBXFileReference; lastKnownFileType = sourcecode.swift; path = Instagram_CloneTests.swift; sourceTree = "<group>"; };
		3427B8772161A09D0065E713 /* Info.plist */ = {isa = PBXFileReference; lastKnownFileType = text.plist.xml; path = Info.plist; sourceTree = "<group>"; };
		3427B87C2161A09D0065E713 /* Instagram CloneUITests.xctest */ = {isa = PBXFileReference; explicitFileType = wrapper.cfbundle; includeInIndex = 0; path = "Instagram CloneUITests.xctest"; sourceTree = BUILT_PRODUCTS_DIR; };
		3427B8802161A09D0065E713 /* Instagram_CloneUITests.swift */ = {isa = PBXFileReference; lastKnownFileType = sourcecode.swift; path = Instagram_CloneUITests.swift; sourceTree = "<group>"; };
		3427B8822161A09D0065E713 /* Info.plist */ = {isa = PBXFileReference; lastKnownFileType = text.plist.xml; path = Info.plist; sourceTree = "<group>"; };
/* End PBXFileReference section */

/* Begin PBXFrameworksBuildPhase section */
		3427B85A2161A0990065E713 /* Frameworks */ = {
			isa = PBXFrameworksBuildPhase;
			buildActionMask = 2147483647;
			files = (
			);
			runOnlyForDeploymentPostprocessing = 0;
		};
		3427B86E2161A09C0065E713 /* Frameworks */ = {
			isa = PBXFrameworksBuildPhase;
			buildActionMask = 2147483647;
			files = (
			);
			runOnlyForDeploymentPostprocessing = 0;
		};
		3427B8792161A09D0065E713 /* Frameworks */ = {
			isa = PBXFrameworksBuildPhase;
			buildActionMask = 2147483647;
			files = (
			);
			runOnlyForDeploymentPostprocessing = 0;
		};
/* End PBXFrameworksBuildPhase section */

/* Begin PBXGroup section */
		3427B8542161A0990065E713 = {
			isa = PBXGroup;
			children = (
				3427B85F2161A0990065E713 /* Instagram Clone */,
				3427B8742161A09C0065E713 /* Instagram CloneTests */,
				3427B87F2161A09D0065E713 /* Instagram CloneUITests */,
				3427B85E2161A0990065E713 /* Products */,
			);
			sourceTree = "<group>";
		};
		3427B85E2161A0990065E713 /* Products */ = {
			isa = PBXGroup;
			children = (
				3427B85D2161A0990065E713 /* Instagram Clone.app */,
				3427B8712161A09C0065E713 /* Instagram CloneTests.xctest */,
				3427B87C2161A09D0065E713 /* Instagram CloneUITests.xctest */,
			);
			name = Products;
			sourceTree = "<group>";
		};
		3427B85F2161A0990065E713 /* Instagram Clone */ = {
			isa = PBXGroup;
			children = (
				3427B8602161A09A0065E713 /* AppDelegate.swift */,
				3427B8622161A09A0065E713 /* ViewController.swift */,
				3427B8642161A09A0065E713 /* Main.storyboard */,
				3427B8672161A09C0065E713 /* Assets.xcassets */,
				3427B8692161A09C0065E713 /* LaunchScreen.storyboard */,
				3427B86C2161A09C0065E713 /* Info.plist */,
			);
			path = "Instagram Clone";
			sourceTree = "<group>";
		};
		3427B8742161A09C0065E713 /* Instagram CloneTests */ = {
			isa = PBXGroup;
			children = (
				3427B8752161A09C0065E713 /* Instagram_CloneTests.swift */,
				3427B8772161A09D0065E713 /* Info.plist */,
			);
			path = "Instagram CloneTests";
			sourceTree = "<group>";
		};
		3427B87F2161A09D0065E713 /* Instagram CloneUITests */ = {
			isa = PBXGroup;
			children = (
				3427B8802161A09D0065E713 /* Instagram_CloneUITests.swift */,
				3427B8822161A09D0065E713 /* Info.plist */,
			);
			path = "Instagram CloneUITests";
			sourceTree = "<group>";
		};
/* End PBXGroup section */

/* Begin PBXNativeTarget section */
		3427B85C2161A0990065E713 /* Instagram Clone */ = {
			isa = PBXNativeTarget;
			buildConfigurationList = 3427B8852161A09D0065E713 /* Build configuration list for PBXNativeTarget "Instagram Clone" */;
			buildPhases = (
				3427B8592161A0990065E713 /* Sources */,
				3427B85A2161A0990065E713 /* Frameworks */,
				3427B85B2161A0990065E713 /* Resources */,
			);
			buildRules = (
			);
			dependencies = (
			);
			name = "Instagram Clone";
			productName = "Instagram Clone";
			productReference = 3427B85D2161A0990065E713 /* Instagram Clone.app */;
			productType = "com.apple.product-type.application";
		};
		3427B8702161A09C0065E713 /* Instagram CloneTests */ = {
			isa = PBXNativeTarget;
			buildConfigurationList = 3427B8882161A09D0065E713 /* Build configuration list for PBXNativeTarget "Instagram CloneTests" */;
			buildPhases = (
				3427B86D2161A09C0065E713 /* Sources */,
				3427B86E2161A09C0065E713 /* Frameworks */,
				3427B86F2161A09C0065E713 /* Resources */,
			);
			buildRules = (
			);
			dependencies = (
				3427B8732161A09C0065E713 /* PBXTargetDependency */,
			);
			name = "Instagram CloneTests";
			productName = "Instagram CloneTests";
			productReference = 3427B8712161A09C0065E713 /* Instagram CloneTests.xctest */;
			productType = "com.apple.product-type.bundle.unit-test";
		};
		3427B87B2161A09D0065E713 /* Instagram CloneUITests */ = {
			isa = PBXNativeTarget;
			buildConfigurationList = 3427B88B2161A09D0065E713 /* Build configuration list for PBXNativeTarget "Instagram CloneUITests" */;
			buildPhases = (
				3427B8782161A09D0065E713 /* Sources */,
				3427B8792161A09D0065E713 /* Frameworks */,
				3427B87A2161A09D0065E713 /* Resources */,
			);
			buildRules = (
			);
			dependencies = (
				3427B87E2161A09D0065E713 /* PBXTargetDependency */,
			);
			name = "Instagram CloneUITests";
			productName = "Instagram CloneUITests";
			productReference = 3427B87C2161A09D0065E713 /* Instagram CloneUITests.xctest */;
			productType = "com.apple.product-type.bundle.ui-testing";
		};
/* End PBXNativeTarget section */

/* Begin PBXProject section */
		3427B8552161A0990065E713 /* Project object */ = {
			isa = PBXProject;
			attributes = {
				LastSwiftUpdateCheck = 0940;
				LastUpgradeCheck = 0940;
				ORGANIZATIONNAME = Matthew;
				TargetAttributes = {
					3427B85C2161A0990065E713 = {
						CreatedOnToolsVersion = 9.4.1;
					};
					3427B8702161A09C0065E713 = {
						CreatedOnToolsVersion = 9.4.1;
						TestTargetID = 3427B85C2161A0990065E713;
					};
					3427B87B2161A09D0065E713 = {
						CreatedOnToolsVersion = 9.4.1;
						TestTargetID = 3427B85C2161A0990065E713;
					};
				};
			};
			buildConfigurationList = 3427B8582161A0990065E713 /* Build configuration list for PBXProject "Instagram Clone" */;
			compatibilityVersion = "Xcode 9.3";
			developmentRegion = en;
			hasScannedForEncodings = 0;
			knownRegions = (
				en,
				Base,
			);
			mainGroup = 3427B8542161A0990065E713;
			productRefGroup = 3427B85E2161A0990065E713 /* Products */;
			projectDirPath = "";
			projectRoot = "";
			targets = (
				3427B85C2161A0990065E713 /* Instagram Clone */,
				3427B8702161A09C0065E713 /* Instagram CloneTests */,
				3427B87B2161A09D0065E713 /* Instagram CloneUITests */,
			);
		};
/* End PBXProject section */

/* Begin PBXResourcesBuildPhase section */
		3427B85B2161A0990065E713 /* Resources */ = {
			isa = PBXResourcesBuildPhase;
			buildActionMask = 2147483647;
			files = (
				3427B86B2161A09C0065E713 /* LaunchScreen.storyboard in Resources */,
				3427B8682161A09C0065E713 /* Assets.xcassets in Resources */,
				3427B8662161A09A0065E713 /* Main.storyboard in Resources */,
			);
			runOnlyForDeploymentPostprocessing = 0;
		};
		3427B86F2161A09C0065E713 /* Resources */ = {
			isa = PBXResourcesBuildPhase;
			buildActionMask = 2147483647;
			files = (
			);
			runOnlyForDeploymentPostprocessing = 0;
		};
		3427B87A2161A09D0065E713 /* Resources */ = {
			isa = PBXResourcesBuildPhase;
			buildActionMask = 2147483647;
			files = (
			);
			runOnlyForDeploymentPostprocessing = 0;
		};
/* End PBXResourcesBuildPhase section */

/* Begin PBXSourcesBuildPhase section */
		3427B8592161A0990065E713 /* Sources */ = {
			isa = PBXSourcesBuildPhase;
			buildActionMask = 2147483647;
			files = (
				3427B8632161A09A0065E713 /* ViewController.swift in Sources */,
				3427B8612161A09A0065E713 /* AppDelegate.swift in Sources */,
			);
			runOnlyForDeploymentPostprocessing = 0;
		};
		3427B86D2161A09C0065E713 /* Sources */ = {
			isa = PBXSourcesBuildPhase;
			buildActionMask = 2147483647;
			files = (
				3427B8762161A09C0065E713 /* Instagram_CloneTests.swift in Sources */,
			);
			runOnlyForDeploymentPostprocessing = 0;
		};
		3427B8782161A09D0065E713 /* Sources */ = {
			isa = PBXSourcesBuildPhase;
			buildActionMask = 2147483647;
			files = (
				3427B8812161A09D0065E713 /* Instagram_CloneUITests.swift in Sources */,
			);
			runOnlyForDeploymentPostprocessing = 0;
		};
/* End PBXSourcesBuildPhase section */

/* Begin PBXTargetDependency section */
		3427B8732161A09C0065E713 /* PBXTargetDependency */ = {
			isa = PBXTargetDependency;
			target = 3427B85C2161A0990065E713 /* Instagram Clone */;
			targetProxy = 3427B8722161A09C0065E713 /* PBXContainerItemProxy */;
		};
		3427B87E2161A09D0065E713 /* PBXTargetDependency */ = {
			isa = PBXTargetDependency;
			target = 3427B85C2161A0990065E713 /* Instagram Clone */;
			targetProxy = 3427B87D2161A09D0065E713 /* PBXContainerItemProxy */;
		};
/* End PBXTargetDependency section */

/* Begin PBXVariantGroup section */
		3427B8642161A09A0065E713 /* Main.storyboard */ = {
			isa = PBXVariantGroup;
			children = (
				3427B8652161A09A0065E713 /* Base */,
			);
			name = Main.storyboard;
			sourceTree = "<group>";
		};
		3427B8692161A09C0065E713 /* LaunchScreen.storyboard */ = {
			isa = PBXVariantGroup;
			children = (
				3427B86A2161A09C0065E713 /* Base */,
			);
			name = LaunchScreen.storyboard;
			sourceTree = "<group>";
		};
/* End PBXVariantGroup section */

/* Begin XCBuildConfiguration section */
		3427B8832161A09D0065E713 /* Debug */ = {
			isa = XCBuildConfiguration;
			buildSettings = {
				ALWAYS_SEARCH_USER_PATHS = NO;
				CLANG_ANALYZER_NONNULL = YES;
				CLANG_ANALYZER_NUMBER_OBJECT_CONVERSION = YES_AGGRESSIVE;
				CLANG_CXX_LANGUAGE_STANDARD = "gnu++14";
				CLANG_CXX_LIBRARY = "libc++";
				CLANG_ENABLE_MODULES = YES;
				CLANG_ENABLE_OBJC_ARC = YES;
				CLANG_ENABLE_OBJC_WEAK = YES;
				CLANG_WARN_BLOCK_CAPTURE_AUTORELEASING = YES;
				CLANG_WARN_BOOL_CONVERSION = YES;
				CLANG_WARN_COMMA = YES;
				CLANG_WARN_CONSTANT_CONVERSION = YES;
				CLANG_WARN_DEPRECATED_OBJC_IMPLEMENTATIONS = YES;
				CLANG_WARN_DIRECT_OBJC_ISA_USAGE = YES_ERROR;
				CLANG_WARN_DOCUMENTATION_COMMENTS = YES;
				CLANG_WARN_EMPTY_BODY = YES;
				CLANG_WARN_ENUM_CONVERSION = YES;
				CLANG_WARN_INFINITE_RECURSION = YES;
				CLANG_WARN_INT_CONVERSION = YES;
				CLANG_WARN_NON_LITERAL_NULL_CONVERSION = YES;
				CLANG_WARN_OBJC_IMPLICIT_RETAIN_SELF = YES;
				CLANG_WARN_OBJC_LITERAL_CONVERSION = YES;
				CLANG_WARN_OBJC_ROOT_CLASS = YES_ERROR;
				CLANG_WARN_RANGE_LOOP_ANALYSIS = YES;
				CLANG_WARN_STRICT_PROTOTYPES = YES;
				CLANG_WARN_SUSPICIOUS_MOVE = YES;
				CLANG_WARN_UNGUARDED_AVAILABILITY = YES_AGGRESSIVE;
				CLANG_WARN_UNREACHABLE_CODE = YES;
				CLANG_WARN__DUPLICATE_METHOD_MATCH = YES;
				CODE_SIGN_IDENTITY = "iPhone Developer";
				COPY_PHASE_STRIP = NO;
				DEBUG_INFORMATION_FORMAT = dwarf;
				ENABLE_STRICT_OBJC_MSGSEND = YES;
				ENABLE_TESTABILITY = YES;
				GCC_C_LANGUAGE_STANDARD = gnu11;
				GCC_DYNAMIC_NO_PIC = NO;
				GCC_NO_COMMON_BLOCKS = YES;
				GCC_OPTIMIZATION_LEVEL = 0;
				GCC_PREPROCESSOR_DEFINITIONS = (
					"DEBUG=1",
					"$(inherited)",
				);
				GCC_WARN_64_TO_32_BIT_CONVERSION = YES;
				GCC_WARN_ABOUT_RETURN_TYPE = YES_ERROR;
				GCC_WARN_UNDECLARED_SELECTOR = YES;
				GCC_WARN_UNINITIALIZED_AUTOS = YES_AGGRESSIVE;
				GCC_WARN_UNUSED_FUNCTION = YES;
				GCC_WARN_UNUSED_VARIABLE = YES;
				IPHONEOS_DEPLOYMENT_TARGET = 11.4;
				MTL_ENABLE_DEBUG_INFO = YES;
				ONLY_ACTIVE_ARCH = YES;
				SDKROOT = iphoneos;
				SWIFT_ACTIVE_COMPILATION_CONDITIONS = DEBUG;
				SWIFT_OPTIMIZATION_LEVEL = "-Onone";
			};
			name = Debug;
		};
		3427B8842161A09D0065E713 /* Release */ = {
			isa = XCBuildConfiguration;
			buildSettings = {
				ALWAYS_SEARCH_USER_PATHS = NO;
				CLANG_ANALYZER_NONNULL = YES;
				CLANG_ANALYZER_NUMBER_OBJECT_CONVERSION = YES_AGGRESSIVE;
				CLANG_CXX_LANGUAGE_STANDARD = "gnu++14";
				CLANG_CXX_LIBRARY = "libc++";
				CLANG_ENABLE_MODULES = YES;
				CLANG_ENABLE_OBJC_ARC = YES;
				CLANG_ENABLE_OBJC_WEAK = YES;
				CLANG_WARN_BLOCK_CAPTURE_AUTORELEASING = YES;
				CLANG_WARN_BOOL_CONVERSION = YES;
				CLANG_WARN_COMMA = YES;
				CLANG_WARN_CONSTANT_CONVERSION = YES;
				CLANG_WARN_DEPRECATED_OBJC_IMPLEMENTATIONS = YES;
				CLANG_WARN_DIRECT_OBJC_ISA_USAGE = YES_ERROR;
				CLANG_WARN_DOCUMENTATION_COMMENTS = YES;
				CLANG_WARN_EMPTY_BODY = YES;
				CLANG_WARN_ENUM_CONVERSION = YES;
				CLANG_WARN_INFINITE_RECURSION = YES;
				CLANG_WARN_INT_CONVERSION = YES;
				CLANG_WARN_NON_LITERAL_NULL_CONVERSION = YES;
				CLANG_WARN_OBJC_IMPLICIT_RETAIN_SELF = YES;
				CLANG_WARN_OBJC_LITERAL_CONVERSION = YES;
				CLANG_WARN_OBJC_ROOT_CLASS = YES_ERROR;
				CLANG_WARN_RANGE_LOOP_ANALYSIS = YES;
				CLANG_WARN_STRICT_PROTOTYPES = YES;
				CLANG_WARN_SUSPICIOUS_MOVE = YES;
				CLANG_WARN_UNGUARDED_AVAILABILITY = YES_AGGRESSIVE;
				CLANG_WARN_UNREACHABLE_CODE = YES;
				CLANG_WARN__DUPLICATE_METHOD_MATCH = YES;
				CODE_SIGN_IDENTITY = "iPhone Developer";
				COPY_PHASE_STRIP = NO;
				DEBUG_INFORMATION_FORMAT = "dwarf-with-dsym";
				ENABLE_NS_ASSERTIONS = NO;
				ENABLE_STRICT_OBJC_MSGSEND = YES;
				GCC_C_LANGUAGE_STANDARD = gnu11;
				GCC_NO_COMMON_BLOCKS = YES;
				GCC_WARN_64_TO_32_BIT_CONVERSION = YES;
				GCC_WARN_ABOUT_RETURN_TYPE = YES_ERROR;
				GCC_WARN_UNDECLARED_SELECTOR = YES;
				GCC_WARN_UNINITIALIZED_AUTOS = YES_AGGRESSIVE;
				GCC_WARN_UNUSED_FUNCTION = YES;
				GCC_WARN_UNUSED_VARIABLE = YES;
				IPHONEOS_DEPLOYMENT_TARGET = 11.4;
				MTL_ENABLE_DEBUG_INFO = NO;
				SDKROOT = iphoneos;
				SWIFT_COMPILATION_MODE = wholemodule;
				SWIFT_OPTIMIZATION_LEVEL = "-O";
				VALIDATE_PRODUCT = YES;
			};
			name = Release;
		};
		3427B8862161A09D0065E713 /* Debug */ = {
			isa = XCBuildConfiguration;
			buildSettings = {
				ASSETCATALOG_COMPILER_APPICON_NAME = AppIcon;
				CODE_SIGN_STYLE = Automatic;
				DEVELOPMENT_TEAM = MHN4EA38T2;
				INFOPLIST_FILE = "Instagram Clone/Info.plist";
				LD_RUNPATH_SEARCH_PATHS = (
					"$(inherited)",
					"@executable_path/Frameworks",
				);
				PRODUCT_BUNDLE_IDENTIFIER = "com.Matthew.Instagram-Clone";
				PRODUCT_NAME = "$(TARGET_NAME)";
				SWIFT_VERSION = 4.0;
				TARGETED_DEVICE_FAMILY = "1,2";
			};
			name = Debug;
		};
		3427B8872161A09D0065E713 /* Release */ = {
			isa = XCBuildConfiguration;
			buildSettings = {
				ASSETCATALOG_COMPILER_APPICON_NAME = AppIcon;
				CODE_SIGN_STYLE = Automatic;
				DEVELOPMENT_TEAM = MHN4EA38T2;
				INFOPLIST_FILE = "Instagram Clone/Info.plist";
				LD_RUNPATH_SEARCH_PATHS = (
					"$(inherited)",
					"@executable_path/Frameworks",
				);
				PRODUCT_BUNDLE_IDENTIFIER = "com.Matthew.Instagram-Clone";
				PRODUCT_NAME = "$(TARGET_NAME)";
				SWIFT_VERSION = 4.0;
				TARGETED_DEVICE_FAMILY = "1,2";
			};
			name = Release;
		};
		3427B8892161A09D0065E713 /* Debug */ = {
			isa = XCBuildConfiguration;
			buildSettings = {
				ALWAYS_EMBED_SWIFT_STANDARD_LIBRARIES = YES;
				BUNDLE_LOADER = "$(TEST_HOST)";
				CODE_SIGN_STYLE = Automatic;
				DEVELOPMENT_TEAM = MHN4EA38T2;
				INFOPLIST_FILE = "Instagram CloneTests/Info.plist";
				LD_RUNPATH_SEARCH_PATHS = (
					"$(inherited)",
					"@executable_path/Frameworks",
					"@loader_path/Frameworks",
				);
				PRODUCT_BUNDLE_IDENTIFIER = "com.Matthew.Instagram-CloneTests";
				PRODUCT_NAME = "$(TARGET_NAME)";
				SWIFT_VERSION = 4.0;
				TARGETED_DEVICE_FAMILY = "1,2";
				TEST_HOST = "$(BUILT_PRODUCTS_DIR)/Instagram Clone.app/Instagram Clone";
			};
			name = Debug;
		};
		3427B88A2161A09D0065E713 /* Release */ = {
			isa = XCBuildConfiguration;
			buildSettings = {
				ALWAYS_EMBED_SWIFT_STANDARD_LIBRARIES = YES;
				BUNDLE_LOADER = "$(TEST_HOST)";
				CODE_SIGN_STYLE = Automatic;
				DEVELOPMENT_TEAM = MHN4EA38T2;
				INFOPLIST_FILE = "Instagram CloneTests/Info.plist";
				LD_RUNPATH_SEARCH_PATHS = (
					"$(inherited)",
					"@executable_path/Frameworks",
					"@loader_path/Frameworks",
				);
				PRODUCT_BUNDLE_IDENTIFIER = "com.Matthew.Instagram-CloneTests";
				PRODUCT_NAME = "$(TARGET_NAME)";
				SWIFT_VERSION = 4.0;
				TARGETED_DEVICE_FAMILY = "1,2";
				TEST_HOST = "$(BUILT_PRODUCTS_DIR)/Instagram Clone.app/Instagram Clone";
			};
			name = Release;
		};
		3427B88C2161A09D0065E713 /* Debug */ = {
			isa = XCBuildConfiguration;
			buildSettings = {
				ALWAYS_EMBED_SWIFT_STANDARD_LIBRARIES = YES;
				CODE_SIGN_STYLE = Automatic;
				DEVELOPMENT_TEAM = MHN4EA38T2;
				INFOPLIST_FILE = "Instagram CloneUITests/Info.plist";
				LD_RUNPATH_SEARCH_PATHS = (
					"$(inherited)",
					"@executable_path/Frameworks",
					"@loader_path/Frameworks",
				);
				PRODUCT_BUNDLE_IDENTIFIER = "com.Matthew.Instagram-CloneUITests";
				PRODUCT_NAME = "$(TARGET_NAME)";
				SWIFT_VERSION = 4.0;
				TARGETED_DEVICE_FAMILY = "1,2";
				TEST_TARGET_NAME = "Instagram Clone";
			};
			name = Debug;
		};
		3427B88D2161A09D0065E713 /* Release */ = {
			isa = XCBuildConfiguration;
			buildSettings = {
				ALWAYS_EMBED_SWIFT_STANDARD_LIBRARIES = YES;
				CODE_SIGN_STYLE = Automatic;
				DEVELOPMENT_TEAM = MHN4EA38T2;
				INFOPLIST_FILE = "Instagram CloneUITests/Info.plist";
				LD_RUNPATH_SEARCH_PATHS = (
					"$(inherited)",
					"@executable_path/Frameworks",
					"@loader_path/Frameworks",
				);
				PRODUCT_BUNDLE_IDENTIFIER = "com.Matthew.Instagram-CloneUITests";
				PRODUCT_NAME = "$(TARGET_NAME)";
				SWIFT_VERSION = 4.0;
				TARGETED_DEVICE_FAMILY = "1,2";
				TEST_TARGET_NAME = "Instagram Clone";
			};
			name = Release;
		};
/* End XCBuildConfiguration section */

/* Begin XCConfigurationList section */
		3427B8582161A0990065E713 /* Build configuration list for PBXProject "Instagram Clone" */ = {
			isa = XCConfigurationList;
			buildConfigurations = (
				3427B8832161A09D0065E713 /* Debug */,
				3427B8842161A09D0065E713 /* Release */,
			);
			defaultConfigurationIsVisible = 0;
			defaultConfigurationName = Release;
		};
		3427B8852161A09D0065E713 /* Build configuration list for PBXNativeTarget "Instagram Clone" */ = {
			isa = XCConfigurationList;
			buildConfigurations = (
				3427B8862161A09D0065E713 /* Debug */,
				3427B8872161A09D0065E713 /* Release */,
			);
			defaultConfigurationIsVisible = 0;
			defaultConfigurationName = Release;
		};
		3427B8882161A09D0065E713 /* Build configuration list for PBXNativeTarget "Instagram CloneTests" */ = {
			isa = XCConfigurationList;
			buildConfigurations = (
				3427B8892161A09D0065E713 /* Debug */,
				3427B88A2161A09D0065E713 /* Release */,
			);
			defaultConfigurationIsVisible = 0;
			defaultConfigurationName = Release;
		};
		3427B88B2161A09D0065E713 /* Build configuration list for PBXNativeTarget "Instagram CloneUITests" */ = {
			isa = XCConfigurationList;
			buildConfigurations = (
				3427B88C2161A09D0065E713 /* Debug */,
				3427B88D2161A09D0065E713 /* Release */,
			);
			defaultConfigurationIsVisible = 0;
			defaultConfigurationName = Release;
		};
/* End XCConfigurationList section */
	};
	rootObject = 3427B8552161A0990065E713 /* Project object */;
}
